
Microsoft Visual Studio Solution File, Format Version 12.00
# Visual Studio 15
VisualStudioVersion = 15.0.34320.172
MinimumVisualStudioVersion = 10.0.40219.1
Project("{FAE04EC0-301F-11D3-BF4B-00C04F79EFBC}") = "Console", "Console\Console.csproj", "{8BE1BB82-BB82-4BCF-BC28-E667E279303A}"
EndProject
Global
	GlobalSection(SolutionConfigurationPlatforms) = preSolution
		Debug|Any CPU = Debug|Any CPU
		Release|Any CPU = Release|Any CPU
	EndGlobalSection
	GlobalSection(ProjectConfigurationPlatforms) = postSolution
		{8BE1BB82-BB82-4BCF-BC28-E667E279303A}.Debug|Any CPU.ActiveCfg = Debug|Any CPU
		{8BE1BB82-BB82-4BCF-BC28-E667E279303A}.Debug|Any CPU.Build.0 = Debug|Any CPU
		{8BE1BB82-BB82-4BCF-BC28-E667E279303A}.Release|Any CPU.ActiveCfg = Release|Any CPU
		{8BE1BB82-BB82-4BCF-BC28-E667E279303A}.Release|Any CPU.Build.0 = Release|Any CPU
	EndGlobalSection
	GlobalSection(SolutionProperties) = preSolution
		HideSolutionNode = FALSE
	EndGlobalSection
	GlobalSection(ExtensibilityGlobals) = postSolution
		SolutionGuid = {10298D21-A1DD-4F26-AE69-17AB855F20E2}
	EndGlobalSection
EndGlobal
